
Microsoft Visual Studio Solution File, Format Version 12.00
# Visual Studio Version 16
VisualStudioVersion = 16.0.30204.135
MinimumVisualStudioVersion = 10.0.40219.1
Project("{FAE04EC0-301F-11D3-BF4B-00C04F79EFBC}") = "APICatalogo", "APICatalogo\APICatalogo.csproj", "{09742896-D206-4D1A-B6B7-EC93D696CFBE}"
EndProject
Global
	GlobalSection(SolutionConfigurationPlatforms) = preSolution
		Debug|Any CPU = Debug|Any CPU
		Release|Any CPU = Release|Any CPU
	EndGlobalSection
	GlobalSection(ProjectConfigurationPlatforms) = postSolution
		{09742896-D206-4D1A-B6B7-EC93D696CFBE}.Debug|Any CPU.ActiveCfg = Debug|Any CPU
		{09742896-D206-4D1A-B6B7-EC93D696CFBE}.Debug|Any CPU.Build.0 = Debug|Any CPU
		{09742896-D206-4D1A-B6B7-EC93D696CFBE}.Release|Any CPU.ActiveCfg = Release|Any CPU
		{09742896-D206-4D1A-B6B7-EC93D696CFBE}.Release|Any CPU.Build.0 = Release|Any CPU
	EndGlobalSection
	GlobalSection(SolutionProperties) = preSolution
		HideSolutionNode = FALSE
	EndGlobalSection
	GlobalSection(ExtensibilityGlobals) = postSolution
		SolutionGuid = {F5E5AA50-79C5-4AB0-BDD5-C9EFD3359500}
	EndGlobalSection
EndGlobal
